{
  "name": "SideProjects",
  "lockfileVersion": 3,
  "requires": true,
  "packages": {
    "": {
      "name": "SideProjects",
      "devDependencies": {
        "eas-cli": "^0.0.0"
      }
    },
    "node_modules/eas-cli": {
      "version": "0.0.0",
      "resolved": "https://registry.npmjs.org/eas-cli/-/eas-cli-0.0.0.tgz",
      "integrity": "sha512-EwYE4nCHsT6BJ/W1pGJWVVBHVbYwBGLWSlJ74TzZAWZjH7BGK1uy/zbOIZEUCf/EK6xtF/fv0lp43J/gVjcj+w==",
      "dev": true,
      "license": "MIT"
    }
  }
}
